
Microsoft Visual Studio Solution File, Format Version 12.00
# Visual Studio Version 17
VisualStudioVersion = 17.13.35919.96
MinimumVisualStudioVersion = 10.0.40219.1
Project("{FAE04EC0-301F-11D3-BF4B-00C04F79EFBC}") = "WebCore", "WebCore\WebCore.csproj", "{08CA01E0-3E08-456F-B0C6-4B2CAD06B884}"
EndProject
Project("{FAE04EC0-301F-11D3-BF4B-00C04F79EFBC}") = "TestClient", "TestClient\TestClient.csproj", "{276735E9-BA5A-66C3-60CF-767B64B14C53}"
EndProject
Project("{FAE04EC0-301F-11D3-BF4B-00C04F79EFBC}") = "TestServer", "TestServer\TestServer.csproj", "{1B71AC22-94CE-DE76-B250-ED48EE99D568}"
EndProject
Project("{FAE04EC0-301F-11D3-BF4B-00C04F79EFBC}") = "TestCommon", "TestCommon\TestCommon.csproj", "{DA556F5C-C20E-47B3-A2DC-C3BBF32EAEC9}"
EndProject
Global
	GlobalSection(SolutionConfigurationPlatforms) = preSolution
		Debug|Any CPU = Debug|Any CPU
		Release|Any CPU = Release|Any CPU
	EndGlobalSection
	GlobalSection(ProjectConfigurationPlatforms) = postSolution
		{08CA01E0-3E08-456F-B0C6-4B2CAD06B884}.Debug|Any CPU.ActiveCfg = Debug|Any CPU
		{08CA01E0-3E08-456F-B0C6-4B2CAD06B884}.Debug|Any CPU.Build.0 = Debug|Any CPU
		{08CA01E0-3E08-456F-B0C6-4B2CAD06B884}.Release|Any CPU.ActiveCfg = Release|Any CPU
		{08CA01E0-3E08-456F-B0C6-4B2CAD06B884}.Release|Any CPU.Build.0 = Release|Any CPU
		{276735E9-BA5A-66C3-60CF-767B64B14C53}.Debug|Any CPU.ActiveCfg = Debug|Any CPU
		{276735E9-BA5A-66C3-60CF-767B64B14C53}.Debug|Any CPU.Build.0 = Debug|Any CPU
		{276735E9-BA5A-66C3-60CF-767B64B14C53}.Release|Any CPU.ActiveCfg = Release|Any CPU
		{276735E9-BA5A-66C3-60CF-767B64B14C53}.Release|Any CPU.Build.0 = Release|Any CPU
		{1B71AC22-94CE-DE76-B250-ED48EE99D568}.Debug|Any CPU.ActiveCfg = Debug|Any CPU
		{1B71AC22-94CE-DE76-B250-ED48EE99D568}.Debug|Any CPU.Build.0 = Debug|Any CPU
		{1B71AC22-94CE-DE76-B250-ED48EE99D568}.Release|Any CPU.ActiveCfg = Release|Any CPU
		{1B71AC22-94CE-DE76-B250-ED48EE99D568}.Release|Any CPU.Build.0 = Release|Any CPU
		{DA556F5C-C20E-47B3-A2DC-C3BBF32EAEC9}.Debug|Any CPU.ActiveCfg = Debug|Any CPU
		{DA556F5C-C20E-47B3-A2DC-C3BBF32EAEC9}.Debug|Any CPU.Build.0 = Debug|Any CPU
		{DA556F5C-C20E-47B3-A2DC-C3BBF32EAEC9}.Release|Any CPU.ActiveCfg = Release|Any CPU
		{DA556F5C-C20E-47B3-A2DC-C3BBF32EAEC9}.Release|Any CPU.Build.0 = Release|Any CPU
	EndGlobalSection
	GlobalSection(SolutionProperties) = preSolution
		HideSolutionNode = FALSE
	EndGlobalSection
	GlobalSection(ExtensibilityGlobals) = postSolution
		SolutionGuid = {69CBDE7C-96BF-493B-BBAE-293A690F8164}
	EndGlobalSection
EndGlobal
